
Microsoft Visual Studio Solution File, Format Version 12.00
# Visual Studio 15
VisualStudioVersion = 15.0.28307.572
MinimumVisualStudioVersion = 10.0.40219.1
Project("{FAE04EC0-301F-11D3-BF4B-00C04F79EFBC}") = "Array", "Array\Array.csproj", "{56BF2710-0D88-469C-B171-01C86E825293}"
EndProject
Global
	GlobalSection(SolutionConfigurationPlatforms) = preSolution
		Debug|Any CPU = Debug|Any CPU
		Release|Any CPU = Release|Any CPU
	EndGlobalSection
	GlobalSection(ProjectConfigurationPlatforms) = postSolution
		{56BF2710-0D88-469C-B171-01C86E825293}.Debug|Any CPU.ActiveCfg = Debug|Any CPU
		{56BF2710-0D88-469C-B171-01C86E825293}.Debug|Any CPU.Build.0 = Debug|Any CPU
		{56BF2710-0D88-469C-B171-01C86E825293}.Release|Any CPU.ActiveCfg = Release|Any CPU
		{56BF2710-0D88-469C-B171-01C86E825293}.Release|Any CPU.Build.0 = Release|Any CPU
	EndGlobalSection
	GlobalSection(SolutionProperties) = preSolution
		HideSolutionNode = FALSE
	EndGlobalSection
	GlobalSection(ExtensibilityGlobals) = postSolution
		SolutionGuid = {149E328C-0391-4E5E-84A5-481FE9A631BC}
	EndGlobalSection
EndGlobal
