
Microsoft Visual Studio Solution File, Format Version 12.00
# Visual Studio 15
VisualStudioVersion = 15.0.28307.572
MinimumVisualStudioVersion = 10.0.40219.1
Project("{FAE04EC0-301F-11D3-BF4B-00C04F79EFBC}") = "TryCatch", "TryCatch\TryCatch.csproj", "{7D391E90-C3E1-4050-83AB-8444C31C9F66}"
EndProject
Global
	GlobalSection(SolutionConfigurationPlatforms) = preSolution
		Debug|Any CPU = Debug|Any CPU
		Release|Any CPU = Release|Any CPU
	EndGlobalSection
	GlobalSection(ProjectConfigurationPlatforms) = postSolution
		{7D391E90-C3E1-4050-83AB-8444C31C9F66}.Debug|Any CPU.ActiveCfg = Debug|Any CPU
		{7D391E90-C3E1-4050-83AB-8444C31C9F66}.Debug|Any CPU.Build.0 = Debug|Any CPU
		{7D391E90-C3E1-4050-83AB-8444C31C9F66}.Release|Any CPU.ActiveCfg = Release|Any CPU
		{7D391E90-C3E1-4050-83AB-8444C31C9F66}.Release|Any CPU.Build.0 = Release|Any CPU
	EndGlobalSection
	GlobalSection(SolutionProperties) = preSolution
		HideSolutionNode = FALSE
	EndGlobalSection
	GlobalSection(ExtensibilityGlobals) = postSolution
		SolutionGuid = {8A4E4F46-874A-49DD-A972-2B2E18022F09}
	EndGlobalSection
EndGlobal
